{
  "name": "profiler-devtools-harness",
  "version": "1.0.0",
  "lockfileVersion": 3,
  "requires": true,
  "packages": {
    "": {
      "name": "profiler-devtools-harness",
      "version": "1.0.0",
      "dependencies": {
        "@zakkster/lite-profiler": "^1.0.0",
        "@zakkster/lite-profiler-signal": "^1.0.0",
        "@zakkster/lite-stats-math": "^1.0.1",
        "@zakkster/lite-throttle": "^1.1.0",
        "@zakkster/lite-time": "^1.1.0",
        "@zakkster/lite-watch-ex": "^1.1.0"
      }
    },
    "node_modules/@zakkster/lite-canvas-graph": {
      "version": "1.0.1",
      "resolved": "https://registry.npmjs.org/@zakkster/lite-canvas-graph/-/lite-canvas-graph-1.0.1.tgz",
      "integrity": "sha512-4YT5do1QNlU0mfR1I7NTLzZn6W+tCXt5dnCTTQrRWeUPaC3hQ+/yhBJueI8AwqJ06FeEmxstEAIOg7xi873hqg==",
      "license": "MIT",
      "engines": {
        "node": ">=18.0.0"
      },
      "funding": {
        "type": "github",
        "url": "https://github.com/sponsors/PeshoVurtoleta"
      },
      "peerDependencies": {
        "@zakkster/lite-ring-buffer": "^1.0.0"
      }
    },
    "node_modules/@zakkster/lite-profiler": {
      "version": "1.7.0",
      "resolved": "https://registry.npmjs.org/@zakkster/lite-profiler/-/lite-profiler-1.7.0.tgz",
      "integrity": "sha512-hNrG2elWEs5FJli9cwWeRgxTv9jITB1jEYVBfu+MX1I4v3+KCrREFtxCfaWfswcXvSqPCRgpGONi6avM6IO2Ow==",
      "license": "MIT",
      "dependencies": {
        "@zakkster/lite-canvas-graph": "^1.0.1",
        "@zakkster/lite-ring-buffer": "^1.0.1",
        "@zakkster/lite-stats-math": "^1.0.1"
      },
      "bin": {
        "litecap": "bin/Litecap.mjs"
      },
      "funding": {
        "type": "github",
        "url": "https://github.com/sponsors/PeshoVurtoleta"
      }
    },
    "node_modules/@zakkster/lite-profiler-signal": {
      "version": "1.2.0",
      "resolved": "https://registry.npmjs.org/@zakkster/lite-profiler-signal/-/lite-profiler-signal-1.2.0.tgz",
      "integrity": "sha512-yRW8gpHWd4b7NbsnRi8vPvT3GpKYYJAtNlRZdkavW7UIESMivmISrTOdqNLTUg3xD6chJLCX2O+Kk1l2mnrCLA==",
      "license": "MIT",
      "dependencies": {
        "@zakkster/lite-profiler": "^1.1.0",
        "@zakkster/lite-stats-math": "^1.0.1",
        "@zakkster/lite-throttle": "^1.1.0",
        "@zakkster/lite-watch-ex": "^1.1.0"
      },
      "funding": {
        "type": "github",
        "url": "https://github.com/sponsors/PeshoVurtoleta"
      },
      "peerDependencies": {
        "@zakkster/lite-signal": ">=1.3.0 || >=1.4.0-rc.0"
      }
    },
    "node_modules/@zakkster/lite-ring-buffer": {
      "version": "1.0.1",
      "resolved": "https://registry.npmjs.org/@zakkster/lite-ring-buffer/-/lite-ring-buffer-1.0.1.tgz",
      "integrity": "sha512-ACtdBj7OyW5qI+w4vSjdaNpe1jcJdrFVMx8W1eSs2tN1hxTV5lZBoq+JbmtrtUF5PPX/cghyOzhsU5fK/jxp0w==",
      "license": "MIT",
      "engines": {
        "node": ">=18.0.0"
      },
      "funding": {
        "type": "github",
        "url": "https://github.com/sponsors/PeshoVurtoleta"
      }
    },
    "node_modules/@zakkster/lite-signal": {
      "version": "1.5.1",
      "resolved": "https://registry.npmjs.org/@zakkster/lite-signal/-/lite-signal-1.5.1.tgz",
      "integrity": "sha512-oo/evWlWOFWU0B61MCD2nXT6mxA6wYeJbsrvGVJDRw+xr9H2yDD72WV0Ckkh0uMKdkLKcQMWXGU/waKvM9Bg1g==",
      "license": "MIT",
      "peer": true,
      "engines": {
        "node": ">=18"
      },
      "funding": {
        "type": "github",
        "url": "https://github.com/sponsors/PeshoVurtoleta"
      }
    },
    "node_modules/@zakkster/lite-stats-math": {
      "version": "1.0.1",
      "resolved": "https://registry.npmjs.org/@zakkster/lite-stats-math/-/lite-stats-math-1.0.1.tgz",
      "integrity": "sha512-7AH9cSHnMt8NVLlkDINvgR03h9OrFrytVYwfQlAeHL0HWc6v6gR3bbwsdOpPt1ULCL/KBqQnTLy9h5aQ8vC75g==",
      "license": "MIT",
      "engines": {
        "node": ">=18.0.0"
      },
      "funding": {
        "type": "github",
        "url": "https://github.com/sponsors/PeshoVurtoleta"
      },
      "peerDependencies": {
        "@zakkster/lite-ring-buffer": "^1.0.0"
      },
      "peerDependenciesMeta": {
        "@zakkster/lite-ring-buffer": {
          "optional": true
        }
      }
    },
    "node_modules/@zakkster/lite-throttle": {
      "version": "1.2.0",
      "resolved": "https://registry.npmjs.org/@zakkster/lite-throttle/-/lite-throttle-1.2.0.tgz",
      "integrity": "sha512-NjdWdtd+FUuTXHftscqORrUzyJcpqAOYQ0wwtpCoXAjGyxC7h5GG6s2bqDdPoYH+xU3x+B9OzF7+5R31+pmwxg==",
      "license": "MIT",
      "engines": {
        "node": ">=18"
      },
      "funding": {
        "type": "github",
        "url": "https://github.com/sponsors/PeshoVurtoleta"
      },
      "peerDependencies": {
        "@zakkster/lite-signal": "^1.2.0"
      }
    },
    "node_modules/@zakkster/lite-time": {
      "version": "1.3.0",
      "resolved": "https://registry.npmjs.org/@zakkster/lite-time/-/lite-time-1.3.0.tgz",
      "integrity": "sha512-qRe56iaMnLlV3m4x4yGO/mpUA+Mftza5DFrppSRfn9LICj1qioMetsU/Zn+rCvk+L4q8WaRmSeSSkS+EYZzfnQ==",
      "license": "MIT",
      "engines": {
        "node": ">=18"
      },
      "funding": {
        "type": "github",
        "url": "https://github.com/sponsors/PeshoVurtoleta"
      },
      "peerDependencies": {
        "@zakkster/lite-signal": "^1.5.0"
      }
    },
    "node_modules/@zakkster/lite-watch-ex": {
      "version": "1.1.0",
      "resolved": "https://registry.npmjs.org/@zakkster/lite-watch-ex/-/lite-watch-ex-1.1.0.tgz",
      "integrity": "sha512-n7auZQfeBolM4rICnRXqQG2bgBLwY1h3AFhChzqOMOlGy+mTdQP9uM6CdG5YsE1DnUnznVo40IZEkNmoMnGtTg==",
      "license": "MIT",
      "engines": {
        "node": ">=18"
      },
      "funding": {
        "type": "github",
        "url": "https://github.com/sponsors/PeshoVurtoleta"
      },
      "peerDependencies": {
        "@zakkster/lite-signal": "^1.1.5"
      }
    }
  }
}
